// !$*UTF8*$!
{
	archiveVersion = 1;
	classes = {
	};
	objectVersion = 56;
	objects = {

/* Begin PBXBuildFile section */
		6D85575B2991047A00712C6C /* CoffeeMastersApp.swift in Sources */ = {isa = PBXBuildFile; fileRef = 6D85575A2991047A00712C6C /* CoffeeMastersApp.swift */; };
		6D85575D2991047A00712C6C /* ContentView.swift in Sources */ = {isa = PBXBuildFile; fileRef = 6D85575C2991047A00712C6C /* ContentView.swift */; };
		6D85575F2991047C00712C6C /* Assets.xcassets in Resources */ = {isa = PBXBuildFile; fileRef = 6D85575E2991047C00712C6C /* Assets.xcassets */; };
		6D8557622991047C00712C6C /* Preview Assets.xcassets in Resources */ = {isa = PBXBuildFile; fileRef = 6D8557612991047C00712C6C /* Preview Assets.xcassets */; };
		6D85576C2991047C00712C6C /* CoffeeMastersTests.swift in Sources */ = {isa = PBXBuildFile; fileRef = 6D85576B2991047C00712C6C /* CoffeeMastersTests.swift */; };
		6D8557762991047C00712C6C /* CoffeeMastersUITests.swift in Sources */ = {isa = PBXBuildFile; fileRef = 6D8557752991047C00712C6C /* CoffeeMastersUITests.swift */; };
		6D8557782991047C00712C6C /* CoffeeMastersUITestsLaunchTests.swift in Sources */ = {isa = PBXBuildFile; fileRef = 6D8557772991047C00712C6C /* CoffeeMastersUITestsLaunchTests.swift */; };
		6D85578529911F5900712C6C /* Offer.swift in Sources */ = {isa = PBXBuildFile; fileRef = 6D85578429911F5900712C6C /* Offer.swift */; };
/* End PBXBuildFile section */

/* Begin PBXContainerItemProxy section */
		6D8557682991047C00712C6C /* PBXContainerItemProxy */ = {
			isa = PBXContainerItemProxy;
			containerPortal = 6D85574F2991047A00712C6C /* Project object */;
			proxyType = 1;
			remoteGlobalIDString = 6D8557562991047A00712C6C;
			remoteInfo = CoffeeMasters;
		};
		6D8557722991047C00712C6C /* PBXContainerItemProxy */ = {
			isa = PBXContainerItemProxy;
			containerPortal = 6D85574F2991047A00712C6C /* Project object */;
			proxyType = 1;
			remoteGlobalIDString = 6D8557562991047A00712C6C;
			remoteInfo = CoffeeMasters;
		};
/* End PBXContainerItemProxy section */

/* Begin PBXFileReference section */
		6D8557572991047A00712C6C /* CoffeeMasters.app */ = {isa = PBXFileReference; explicitFileType = wrapper.application; includeInIndex = 0; path = CoffeeMasters.app; sourceTree = BUILT_PRODUCTS_DIR; };
		6D85575A2991047A00712C6C /* CoffeeMastersApp.swift */ = {isa = PBXFileReference; lastKnownFileType = sourcecode.swift; path = CoffeeMastersApp.swift; sourceTree = "<group>"; };
		6D85575C2991047A00712C6C /* ContentView.swift */ = {isa = PBXFileReference; lastKnownFileType = sourcecode.swift; path = ContentView.swift; sourceTree = "<group>"; };
		6D85575E2991047C00712C6C /* Assets.xcassets */ = {isa = PBXFileReference; lastKnownFileType = folder.assetcatalog; path = Assets.xcassets; sourceTree = "<group>"; };
		6D8557612991047C00712C6C /* Preview Assets.xcassets */ = {isa = PBXFileReference; lastKnownFileType = folder.assetcatalog; path = "Preview Assets.xcassets"; sourceTree = "<group>"; };
		6D8557672991047C00712C6C /* CoffeeMastersTests.xctest */ = {isa = PBXFileReference; explicitFileType = wrapper.cfbundle; includeInIndex = 0; path = CoffeeMastersTests.xctest; sourceTree = BUILT_PRODUCTS_DIR; };
		6D85576B2991047C00712C6C /* CoffeeMastersTests.swift */ = {isa = PBXFileReference; lastKnownFileType = sourcecode.swift; path = CoffeeMastersTests.swift; sourceTree = "<group>"; };
		6D8557712991047C00712C6C /* CoffeeMastersUITests.xctest */ = {isa = PBXFileReference; explicitFileType = wrapper.cfbundle; includeInIndex = 0; path = CoffeeMastersUITests.xctest; sourceTree = BUILT_PRODUCTS_DIR; };
		6D8557752991047C00712C6C /* CoffeeMastersUITests.swift */ = {isa = PBXFileReference; lastKnownFileType = sourcecode.swift; path = CoffeeMastersUITests.swift; sourceTree = "<group>"; };
		6D8557772991047C00712C6C /* CoffeeMastersUITestsLaunchTests.swift */ = {isa = PBXFileReference; lastKnownFileType = sourcecode.swift; path = CoffeeMastersUITestsLaunchTests.swift; sourceTree = "<group>"; };
		6D85578429911F5900712C6C /* Offer.swift */ = {isa = PBXFileReference; lastKnownFileType = sourcecode.swift; path = Offer.swift; sourceTree = "<group>"; };
/* End PBXFileReference section */

/* Begin PBXFrameworksBuildPhase section */
		6D8557542991047A00712C6C /* Frameworks */ = {
			isa = PBXFrameworksBuildPhase;
			buildActionMask = 2147483647;
			files = (
			);
			runOnlyForDeploymentPostprocessing = 0;
		};
		6D8557642991047C00712C6C /* Frameworks */ = {
			isa = PBXFrameworksBuildPhase;
			buildActionMask = 2147483647;
			files = (
			);
			runOnlyForDeploymentPostprocessing = 0;
		};
		6D85576E2991047C00712C6C /* Frameworks */ = {
			isa = PBXFrameworksBuildPhase;
			buildActionMask = 2147483647;
			files = (
			);
			runOnlyForDeploymentPostprocessing = 0;
		};
/* End PBXFrameworksBuildPhase section */

/* Begin PBXGroup section */
		6D85574E2991047A00712C6C = {
			isa = PBXGroup;
			children = (
				6D8557592991047A00712C6C /* CoffeeMasters */,
				6D85576A2991047C00712C6C /* CoffeeMastersTests */,
				6D8557742991047C00712C6C /* CoffeeMastersUITests */,
				6D8557582991047A00712C6C /* Products */,
			);
			sourceTree = "<group>";
		};
		6D8557582991047A00712C6C /* Products */ = {
			isa = PBXGroup;
			children = (
				6D8557572991047A00712C6C /* CoffeeMasters.app */,
				6D8557672991047C00712C6C /* CoffeeMastersTests.xctest */,
				6D8557712991047C00712C6C /* CoffeeMastersUITests.xctest */,
			);
			name = Products;
			sourceTree = "<group>";
		};
		6D8557592991047A00712C6C /* CoffeeMasters */ = {
			isa = PBXGroup;
			children = (
				6D85575A2991047A00712C6C /* CoffeeMastersApp.swift */,
				6D85575C2991047A00712C6C /* ContentView.swift */,
				6D85578429911F5900712C6C /* Offer.swift */,
				6D85575E2991047C00712C6C /* Assets.xcassets */,
				6D8557602991047C00712C6C /* Preview Content */,
			);
			path = CoffeeMasters;
			sourceTree = "<group>";
		};
		6D8557602991047C00712C6C /* Preview Content */ = {
			isa = PBXGroup;
			children = (
				6D8557612991047C00712C6C /* Preview Assets.xcassets */,
			);
			path = "Preview Content";
			sourceTree = "<group>";
		};
		6D85576A2991047C00712C6C /* CoffeeMastersTests */ = {
			isa = PBXGroup;
			children = (
				6D85576B2991047C00712C6C /* CoffeeMastersTests.swift */,
			);
			path = CoffeeMastersTests;
			sourceTree = "<group>";
		};
		6D8557742991047C00712C6C /* CoffeeMastersUITests */ = {
			isa = PBXGroup;
			children = (
				6D8557752991047C00712C6C /* CoffeeMastersUITests.swift */,
				6D8557772991047C00712C6C /* CoffeeMastersUITestsLaunchTests.swift */,
			);
			path = CoffeeMastersUITests;
			sourceTree = "<group>";
		};
/* End PBXGroup section */

/* Begin PBXNativeTarget section */
		6D8557562991047A00712C6C /* CoffeeMasters */ = {
			isa = PBXNativeTarget;
			buildConfigurationList = 6D85577B2991047C00712C6C /* Build configuration list for PBXNativeTarget "CoffeeMasters" */;
			buildPhases = (
				6D8557532991047A00712C6C /* Sources */,
				6D8557542991047A00712C6C /* Frameworks */,
				6D8557552991047A00712C6C /* Resources */,
			);
			buildRules = (
			);
			dependencies = (
			);
			name = CoffeeMasters;
			productName = CoffeeMasters;
			productReference = 6D8557572991047A00712C6C /* CoffeeMasters.app */;
			productType = "com.apple.product-type.application";
		};
		6D8557662991047C00712C6C /* CoffeeMastersTests */ = {
			isa = PBXNativeTarget;
			buildConfigurationList = 6D85577E2991047C00712C6C /* Build configuration list for PBXNativeTarget "CoffeeMastersTests" */;
			buildPhases = (
				6D8557632991047C00712C6C /* Sources */,
				6D8557642991047C00712C6C /* Frameworks */,
				6D8557652991047C00712C6C /* Resources */,
			);
			buildRules = (
			);
			dependencies = (
				6D8557692991047C00712C6C /* PBXTargetDependency */,
			);
			name = CoffeeMastersTests;
			productName = CoffeeMastersTests;
			productReference = 6D8557672991047C00712C6C /* CoffeeMastersTests.xctest */;
			productType = "com.apple.product-type.bundle.unit-test";
		};
		6D8557702991047C00712C6C /* CoffeeMastersUITests */ = {
			isa = PBXNativeTarget;
			buildConfigurationList = 6D8557812991047C00712C6C /* Build configuration list for PBXNativeTarget "CoffeeMastersUITests" */;
			buildPhases = (
				6D85576D2991047C00712C6C /* Sources */,
				6D85576E2991047C00712C6C /* Frameworks */,
				6D85576F2991047C00712C6C /* Resources */,
			);
			buildRules = (
			);
			dependencies = (
				6D8557732991047C00712C6C /* PBXTargetDependency */,
			);
			name = CoffeeMastersUITests;
			productName = CoffeeMastersUITests;
			productReference = 6D8557712991047C00712C6C /* CoffeeMastersUITests.xctest */;
			productType = "com.apple.product-type.bundle.ui-testing";
		};
/* End PBXNativeTarget section */

/* Begin PBXProject section */
		6D85574F2991047A00712C6C /* Project object */ = {
			isa = PBXProject;
			attributes = {
				BuildIndependentTargetsInParallel = 1;
				LastSwiftUpdateCheck = 1420;
				LastUpgradeCheck = 1420;
				TargetAttributes = {
					6D8557562991047A00712C6C = {
						CreatedOnToolsVersion = 14.2;
					};
					6D8557662991047C00712C6C = {
						CreatedOnToolsVersion = 14.2;
						TestTargetID = 6D8557562991047A00712C6C;
					};
					6D8557702991047C00712C6C = {
						CreatedOnToolsVersion = 14.2;
						TestTargetID = 6D8557562991047A00712C6C;
					};
				};
			};
			buildConfigurationList = 6D8557522991047A00712C6C /* Build configuration list for PBXProject "CoffeeMasters" */;
			compatibilityVersion = "Xcode 14.0";
			developmentRegion = en;
			hasScannedForEncodings = 0;
			knownRegions = (
				en,
				Base,
			);
			mainGroup = 6D85574E2991047A00712C6C;
			productRefGroup = 6D8557582991047A00712C6C /* Products */;
			projectDirPath = "";
			projectRoot = "";
			targets = (
				6D8557562991047A00712C6C /* CoffeeMasters */,
				6D8557662991047C00712C6C /* CoffeeMastersTests */,
				6D8557702991047C00712C6C /* CoffeeMastersUITests */,
			);
		};
/* End PBXProject section */

/* Begin PBXResourcesBuildPhase section */
		6D8557552991047A00712C6C /* Resources */ = {
			isa = PBXResourcesBuildPhase;
			buildActionMask = 2147483647;
			files = (
				6D8557622991047C00712C6C /* Preview Assets.xcassets in Resources */,
				6D85575F2991047C00712C6C /* Assets.xcassets in Resources */,
			);
			runOnlyForDeploymentPostprocessing = 0;
		};
		6D8557652991047C00712C6C /* Resources */ = {
			isa = PBXResourcesBuildPhase;
			buildActionMask = 2147483647;
			files = (
			);
			runOnlyForDeploymentPostprocessing = 0;
		};
		6D85576F2991047C00712C6C /* Resources */ = {
			isa = PBXResourcesBuildPhase;
			buildActionMask = 2147483647;
			files = (
			);
			runOnlyForDeploymentPostprocessing = 0;
		};
/* End PBXResourcesBuildPhase section */

/* Begin PBXSourcesBuildPhase section */
		6D8557532991047A00712C6C /* Sources */ = {
			isa = PBXSourcesBuildPhase;
			buildActionMask = 2147483647;
			files = (
				6D85578529911F5900712C6C /* Offer.swift in Sources */,
				6D85575D2991047A00712C6C /* ContentView.swift in Sources */,
				6D85575B2991047A00712C6C /* CoffeeMastersApp.swift in Sources */,
			);
			runOnlyForDeploymentPostprocessing = 0;
		};
		6D8557632991047C00712C6C /* Sources */ = {
			isa = PBXSourcesBuildPhase;
			buildActionMask = 2147483647;
			files = (
				6D85576C2991047C00712C6C /* CoffeeMastersTests.swift in Sources */,
			);
			runOnlyForDeploymentPostprocessing = 0;
		};
		6D85576D2991047C00712C6C /* Sources */ = {
			isa = PBXSourcesBuildPhase;
			buildActionMask = 2147483647;
			files = (
				6D8557782991047C00712C6C /* CoffeeMastersUITestsLaunchTests.swift in Sources */,
				6D8557762991047C00712C6C /* CoffeeMastersUITests.swift in Sources */,
			);
			runOnlyForDeploymentPostprocessing = 0;
		};
/* End PBXSourcesBuildPhase section */

/* Begin PBXTargetDependency section */
		6D8557692991047C00712C6C /* PBXTargetDependency */ = {
			isa = PBXTargetDependency;
			target = 6D8557562991047A00712C6C /* CoffeeMasters */;
			targetProxy = 6D8557682991047C00712C6C /* PBXContainerItemProxy */;
		};
		6D8557732991047C00712C6C /* PBXTargetDependency */ = {
			isa = PBXTargetDependency;
			target = 6D8557562991047A00712C6C /* CoffeeMasters */;
			targetProxy = 6D8557722991047C00712C6C /* PBXContainerItemProxy */;
		};
/* End PBXTargetDependency section */

/* Begin XCBuildConfiguration section */
		6D8557792991047C00712C6C /* Debug */ = {
			isa = XCBuildConfiguration;
			buildSettings = {
				ALWAYS_SEARCH_USER_PATHS = NO;
				CLANG_ANALYZER_NONNULL = YES;
				CLANG_ANALYZER_NUMBER_OBJECT_CONVERSION = YES_AGGRESSIVE;
				CLANG_CXX_LANGUAGE_STANDARD = "gnu++20";
				CLANG_ENABLE_MODULES = YES;
				CLANG_ENABLE_OBJC_ARC = YES;
				CLANG_ENABLE_OBJC_WEAK = YES;
				CLANG_WARN_BLOCK_CAPTURE_AUTORELEASING = YES;
				CLANG_WARN_BOOL_CONVERSION = YES;
				CLANG_WARN_COMMA = YES;
				CLANG_WARN_CONSTANT_CONVERSION = YES;
				CLANG_WARN_DEPRECATED_OBJC_IMPLEMENTATIONS = YES;
				CLANG_WARN_DIRECT_OBJC_ISA_USAGE = YES_ERROR;
				CLANG_WARN_DOCUMENTATION_COMMENTS = YES;
				CLANG_WARN_EMPTY_BODY = YES;
				CLANG_WARN_ENUM_CONVERSION = YES;
				CLANG_WARN_INFINITE_RECURSION = YES;
				CLANG_WARN_INT_CONVERSION = YES;
				CLANG_WARN_NON_LITERAL_NULL_CONVERSION = YES;
				CLANG_WARN_OBJC_IMPLICIT_RETAIN_SELF = YES;
				CLANG_WARN_OBJC_LITERAL_CONVERSION = YES;
				CLANG_WARN_OBJC_ROOT_CLASS = YES_ERROR;
				CLANG_WARN_QUOTED_INCLUDE_IN_FRAMEWORK_HEADER = YES;
				CLANG_WARN_RANGE_LOOP_ANALYSIS = YES;
				CLANG_WARN_STRICT_PROTOTYPES = YES;
				CLANG_WARN_SUSPICIOUS_MOVE = YES;
				CLANG_WARN_UNGUARDED_AVAILABILITY = YES_AGGRESSIVE;
				CLANG_WARN_UNREACHABLE_CODE = YES;
				CLANG_WARN__DUPLICATE_METHOD_MATCH = YES;
				COPY_PHASE_STRIP = NO;
				DEBUG_INFORMATION_FORMAT = dwarf;
				ENABLE_STRICT_OBJC_MSGSEND = YES;
				ENABLE_TESTABILITY = YES;
				GCC_C_LANGUAGE_STANDARD = gnu11;
				GCC_DYNAMIC_NO_PIC = NO;
				GCC_NO_COMMON_BLOCKS = YES;
				GCC_OPTIMIZATION_LEVEL = 0;
				GCC_PREPROCESSOR_DEFINITIONS = (
					"DEBUG=1",
					"$(inherited)",
				);
				GCC_WARN_64_TO_32_BIT_CONVERSION = YES;
				GCC_WARN_ABOUT_RETURN_TYPE = YES_ERROR;
				GCC_WARN_UNDECLARED_SELECTOR = YES;
				GCC_WARN_UNINITIALIZED_AUTOS = YES_AGGRESSIVE;
				GCC_WARN_UNUSED_FUNCTION = YES;
				GCC_WARN_UNUSED_VARIABLE = YES;
				IPHONEOS_DEPLOYMENT_TARGET = 16.2;
				MTL_ENABLE_DEBUG_INFO = INCLUDE_SOURCE;
				MTL_FAST_MATH = YES;
				ONLY_ACTIVE_ARCH = YES;
				SDKROOT = iphoneos;
				SWIFT_ACTIVE_COMPILATION_CONDITIONS = DEBUG;
				SWIFT_OPTIMIZATION_LEVEL = "-Onone";
			};
			name = Debug;
		};
		6D85577A2991047C00712C6C /* Release */ = {
			isa = XCBuildConfiguration;
			buildSettings = {
				ALWAYS_SEARCH_USER_PATHS = NO;
				CLANG_ANALYZER_NONNULL = YES;
				CLANG_ANALYZER_NUMBER_OBJECT_CONVERSION = YES_AGGRESSIVE;
				CLANG_CXX_LANGUAGE_STANDARD = "gnu++20";
				CLANG_ENABLE_MODULES = YES;
				CLANG_ENABLE_OBJC_ARC = YES;
				CLANG_ENABLE_OBJC_WEAK = YES;
				CLANG_WARN_BLOCK_CAPTURE_AUTORELEASING = YES;
				CLANG_WARN_BOOL_CONVERSION = YES;
				CLANG_WARN_COMMA = YES;
				CLANG_WARN_CONSTANT_CONVERSION = YES;
				CLANG_WARN_DEPRECATED_OBJC_IMPLEMENTATIONS = YES;
				CLANG_WARN_DIRECT_OBJC_ISA_USAGE = YES_ERROR;
				CLANG_WARN_DOCUMENTATION_COMMENTS = YES;
				CLANG_WARN_EMPTY_BODY = YES;
				CLANG_WARN_ENUM_CONVERSION = YES;
				CLANG_WARN_INFINITE_RECURSION = YES;
				CLANG_WARN_INT_CONVERSION = YES;
				CLANG_WARN_NON_LITERAL_NULL_CONVERSION = YES;
				CLANG_WARN_OBJC_IMPLICIT_RETAIN_SELF = YES;
				CLANG_WARN_OBJC_LITERAL_CONVERSION = YES;
				CLANG_WARN_OBJC_ROOT_CLASS = YES_ERROR;
				CLANG_WARN_QUOTED_INCLUDE_IN_FRAMEWORK_HEADER = YES;
				CLANG_WARN_RANGE_LOOP_ANALYSIS = YES;
				CLANG_WARN_STRICT_PROTOTYPES = YES;
				CLANG_WARN_SUSPICIOUS_MOVE = YES;
				CLANG_WARN_UNGUARDED_AVAILABILITY = YES_AGGRESSIVE;
				CLANG_WARN_UNREACHABLE_CODE = YES;
				CLANG_WARN__DUPLICATE_METHOD_MATCH = YES;
				COPY_PHASE_STRIP = NO;
				DEBUG_INFORMATION_FORMAT = "dwarf-with-dsym";
				ENABLE_NS_ASSERTIONS = NO;
				ENABLE_STRICT_OBJC_MSGSEND = YES;
				GCC_C_LANGUAGE_STANDARD = gnu11;
				GCC_NO_COMMON_BLOCKS = YES;
				GCC_WARN_64_TO_32_BIT_CONVERSION = YES;
				GCC_WARN_ABOUT_RETURN_TYPE = YES_ERROR;
				GCC_WARN_UNDECLARED_SELECTOR = YES;
				GCC_WARN_UNINITIALIZED_AUTOS = YES_AGGRESSIVE;
				GCC_WARN_UNUSED_FUNCTION = YES;
				GCC_WARN_UNUSED_VARIABLE = YES;
				IPHONEOS_DEPLOYMENT_TARGET = 16.2;
				MTL_ENABLE_DEBUG_INFO = NO;
				MTL_FAST_MATH = YES;
				SDKROOT = iphoneos;
				SWIFT_COMPILATION_MODE = wholemodule;
				SWIFT_OPTIMIZATION_LEVEL = "-O";
				VALIDATE_PRODUCT = YES;
			};
			name = Release;
		};
		6D85577C2991047C00712C6C /* Debug */ = {
			isa = XCBuildConfiguration;
			buildSettings = {
				ASSETCATALOG_COMPILER_APPICON_NAME = AppIcon;
				ASSETCATALOG_COMPILER_GLOBAL_ACCENT_COLOR_NAME = AccentColor;
				CODE_SIGN_STYLE = Automatic;
				CURRENT_PROJECT_VERSION = 1;
				DEVELOPMENT_ASSET_PATHS = "\"CoffeeMasters/Preview Content\"";
				ENABLE_PREVIEWS = YES;
				GENERATE_INFOPLIST_FILE = YES;
				INFOPLIST_KEY_CFBundleDisplayName = COffeeMasters;
				INFOPLIST_KEY_UIApplicationSceneManifest_Generation = YES;
				INFOPLIST_KEY_UIApplicationSupportsIndirectInputEvents = YES;
				INFOPLIST_KEY_UILaunchScreen_Generation = YES;
				INFOPLIST_KEY_UISupportedInterfaceOrientations_iPad = "UIInterfaceOrientationPortrait UIInterfaceOrientationPortraitUpsideDown UIInterfaceOrientationLandscapeLeft UIInterfaceOrientationLandscapeRight";
				INFOPLIST_KEY_UISupportedInterfaceOrientations_iPhone = "UIInterfaceOrientationPortrait UIInterfaceOrientationLandscapeLeft UIInterfaceOrientationLandscapeRight";
				LD_RUNPATH_SEARCH_PATHS = (
					"$(inherited)",
					"@executable_path/Frameworks",
				);
				MARKETING_VERSION = 1.0;
				PRODUCT_BUNDLE_IDENTIFIER = com.frontendmasters.dev.CoffeeMasters;
				PRODUCT_NAME = "$(TARGET_NAME)";
				SWIFT_EMIT_LOC_STRINGS = YES;
				SWIFT_VERSION = 5.0;
				TARGETED_DEVICE_FAMILY = "1,2";
			};
			name = Debug;
		};
		6D85577D2991047C00712C6C /* Release */ = {
			isa = XCBuildConfiguration;
			buildSettings = {
				ASSETCATALOG_COMPILER_APPICON_NAME = AppIcon;
				ASSETCATALOG_COMPILER_GLOBAL_ACCENT_COLOR_NAME = AccentColor;
				CODE_SIGN_STYLE = Automatic;
				CURRENT_PROJECT_VERSION = 1;
				DEVELOPMENT_ASSET_PATHS = "\"CoffeeMasters/Preview Content\"";
				ENABLE_PREVIEWS = YES;
				GENERATE_INFOPLIST_FILE = YES;
				INFOPLIST_KEY_CFBundleDisplayName = COffeeMasters;
				INFOPLIST_KEY_UIApplicationSceneManifest_Generation = YES;
				INFOPLIST_KEY_UIApplicationSupportsIndirectInputEvents = YES;
				INFOPLIST_KEY_UILaunchScreen_Generation = YES;
				INFOPLIST_KEY_UISupportedInterfaceOrientations_iPad = "UIInterfaceOrientationPortrait UIInterfaceOrientationPortraitUpsideDown UIInterfaceOrientationLandscapeLeft UIInterfaceOrientationLandscapeRight";
				INFOPLIST_KEY_UISupportedInterfaceOrientations_iPhone = "UIInterfaceOrientationPortrait UIInterfaceOrientationLandscapeLeft UIInterfaceOrientationLandscapeRight";
				LD_RUNPATH_SEARCH_PATHS = (
					"$(inherited)",
					"@executable_path/Frameworks",
				);
				MARKETING_VERSION = 1.0;
				PRODUCT_BUNDLE_IDENTIFIER = com.frontendmasters.dev.CoffeeMasters;
				PRODUCT_NAME = "$(TARGET_NAME)";
				SWIFT_EMIT_LOC_STRINGS = YES;
				SWIFT_VERSION = 5.0;
				TARGETED_DEVICE_FAMILY = "1,2";
			};
			name = Release;
		};
		6D85577F2991047C00712C6C /* Debug */ = {
			isa = XCBuildConfiguration;
			buildSettings = {
				ALWAYS_EMBED_SWIFT_STANDARD_LIBRARIES = YES;
				BUNDLE_LOADER = "$(TEST_HOST)";
				CODE_SIGN_STYLE = Automatic;
				CURRENT_PROJECT_VERSION = 1;
				GENERATE_INFOPLIST_FILE = YES;
				IPHONEOS_DEPLOYMENT_TARGET = 16.2;
				MARKETING_VERSION = 1.0;
				PRODUCT_BUNDLE_IDENTIFIER = com.frontendmasters.dev.CoffeeMastersTests;
				PRODUCT_NAME = "$(TARGET_NAME)";
				SWIFT_EMIT_LOC_STRINGS = NO;
				SWIFT_VERSION = 5.0;
				TARGETED_DEVICE_FAMILY = "1,2";
				TEST_HOST = "$(BUILT_PRODUCTS_DIR)/CoffeeMasters.app/$(BUNDLE_EXECUTABLE_FOLDER_PATH)/CoffeeMasters";
			};
			name = Debug;
		};
		6D8557802991047C00712C6C /* Release */ = {
			isa = XCBuildConfiguration;
			buildSettings = {
				ALWAYS_EMBED_SWIFT_STANDARD_LIBRARIES = YES;
				BUNDLE_LOADER = "$(TEST_HOST)";
				CODE_SIGN_STYLE = Automatic;
				CURRENT_PROJECT_VERSION = 1;
				GENERATE_INFOPLIST_FILE = YES;
				IPHONEOS_DEPLOYMENT_TARGET = 16.2;
				MARKETING_VERSION = 1.0;
				PRODUCT_BUNDLE_IDENTIFIER = com.frontendmasters.dev.CoffeeMastersTests;
				PRODUCT_NAME = "$(TARGET_NAME)";
				SWIFT_EMIT_LOC_STRINGS = NO;
				SWIFT_VERSION = 5.0;
				TARGETED_DEVICE_FAMILY = "1,2";
				TEST_HOST = "$(BUILT_PRODUCTS_DIR)/CoffeeMasters.app/$(BUNDLE_EXECUTABLE_FOLDER_PATH)/CoffeeMasters";
			};
			name = Release;
		};
		6D8557822991047C00712C6C /* Debug */ = {
			isa = XCBuildConfiguration;
			buildSettings = {
				ALWAYS_EMBED_SWIFT_STANDARD_LIBRARIES = YES;
				CODE_SIGN_STYLE = Automatic;
				CURRENT_PROJECT_VERSION = 1;
				GENERATE_INFOPLIST_FILE = YES;
				MARKETING_VERSION = 1.0;
				PRODUCT_BUNDLE_IDENTIFIER = com.frontendmasters.dev.CoffeeMastersUITests;
				PRODUCT_NAME = "$(TARGET_NAME)";
				SWIFT_EMIT_LOC_STRINGS = NO;
				SWIFT_VERSION = 5.0;
				TARGETED_DEVICE_FAMILY = "1,2";
				TEST_TARGET_NAME = CoffeeMasters;
			};
			name = Debug;
		};
		6D8557832991047C00712C6C /* Release */ = {
			isa = XCBuildConfiguration;
			buildSettings = {
				ALWAYS_EMBED_SWIFT_STANDARD_LIBRARIES = YES;
				CODE_SIGN_STYLE = Automatic;
				CURRENT_PROJECT_VERSION = 1;
				GENERATE_INFOPLIST_FILE = YES;
				MARKETING_VERSION = 1.0;
				PRODUCT_BUNDLE_IDENTIFIER = com.frontendmasters.dev.CoffeeMastersUITests;
				PRODUCT_NAME = "$(TARGET_NAME)";
				SWIFT_EMIT_LOC_STRINGS = NO;
				SWIFT_VERSION = 5.0;
				TARGETED_DEVICE_FAMILY = "1,2";
				TEST_TARGET_NAME = CoffeeMasters;
			};
			name = Release;
		};
/* End XCBuildConfiguration section */

/* Begin XCConfigurationList section */
		6D8557522991047A00712C6C /* Build configuration list for PBXProject "CoffeeMasters" */ = {
			isa = XCConfigurationList;
			buildConfigurations = (
				6D8557792991047C00712C6C /* Debug */,
				6D85577A2991047C00712C6C /* Release */,
			);
			defaultConfigurationIsVisible = 0;
			defaultConfigurationName = Release;
		};
		6D85577B2991047C00712C6C /* Build configuration list for PBXNativeTarget "CoffeeMasters" */ = {
			isa = XCConfigurationList;
			buildConfigurations = (
				6D85577C2991047C00712C6C /* Debug */,
				6D85577D2991047C00712C6C /* Release */,
			);
			defaultConfigurationIsVisible = 0;
			defaultConfigurationName = Release;
		};
		6D85577E2991047C00712C6C /* Build configuration list for PBXNativeTarget "CoffeeMastersTests" */ = {
			isa = XCConfigurationList;
			buildConfigurations = (
				6D85577F2991047C00712C6C /* Debug */,
				6D8557802991047C00712C6C /* Release */,
			);
			defaultConfigurationIsVisible = 0;
			defaultConfigurationName = Release;
		};
		6D8557812991047C00712C6C /* Build configuration list for PBXNativeTarget "CoffeeMastersUITests" */ = {
			isa = XCConfigurationList;
			buildConfigurations = (
				6D8557822991047C00712C6C /* Debug */,
				6D8557832991047C00712C6C /* Release */,
			);
			defaultConfigurationIsVisible = 0;
			defaultConfigurationName = Release;
		};
/* End XCConfigurationList section */
	};
	rootObject = 6D85574F2991047A00712C6C /* Project object */;
}
